
Microsoft Visual Studio Solution File, Format Version 12.00
# Visual Studio Version 16
VisualStudioVersion = 16.0.30907.101
MinimumVisualStudioVersion = 10.0.40219.1
Project("{9A19103F-16F7-4668-BE54-9A1E7A4F7556}") = "OnlineShop_ASP_Core", "OnlineShop_ASP_Core\OnlineShop_ASP_Core.csproj", "{D60D0823-EECC-48DD-B0E2-D58B02AE9E89}"
EndProject
Project("{FAE04EC0-301F-11D3-BF4B-00C04F79EFBC}") = "Entities", "Entities\Entities.csproj", "{AC0260DD-8484-44FE-A8A7-D37514E754C6}"
EndProject
Global
	GlobalSection(SolutionConfigurationPlatforms) = preSolution
		Debug|Any CPU = Debug|Any CPU
		Release|Any CPU = Release|Any CPU
	EndGlobalSection
	GlobalSection(ProjectConfigurationPlatforms) = postSolution
		{D60D0823-EECC-48DD-B0E2-D58B02AE9E89}.Debug|Any CPU.ActiveCfg = Debug|Any CPU
		{D60D0823-EECC-48DD-B0E2-D58B02AE9E89}.Debug|Any CPU.Build.0 = Debug|Any CPU
		{D60D0823-EECC-48DD-B0E2-D58B02AE9E89}.Release|Any CPU.ActiveCfg = Release|Any CPU
		{D60D0823-EECC-48DD-B0E2-D58B02AE9E89}.Release|Any CPU.Build.0 = Release|Any CPU
		{AC0260DD-8484-44FE-A8A7-D37514E754C6}.Debug|Any CPU.ActiveCfg = Debug|Any CPU
		{AC0260DD-8484-44FE-A8A7-D37514E754C6}.Debug|Any CPU.Build.0 = Debug|Any CPU
		{AC0260DD-8484-44FE-A8A7-D37514E754C6}.Release|Any CPU.ActiveCfg = Release|Any CPU
		{AC0260DD-8484-44FE-A8A7-D37514E754C6}.Release|Any CPU.Build.0 = Release|Any CPU
	EndGlobalSection
	GlobalSection(SolutionProperties) = preSolution
		HideSolutionNode = FALSE
	EndGlobalSection
	GlobalSection(ExtensibilityGlobals) = postSolution
		SolutionGuid = {44EF0729-F1CC-4376-B6C1-F58C5E37F9E2}
	EndGlobalSection
EndGlobal
